
Microsoft Visual Studio Solution File, Format Version 12.00
# Visual Studio Version 17
VisualStudioVersion = 17.3.32922.545
MinimumVisualStudioVersion = 10.0.40219.1
Project("{FAE04EC0-301F-11D3-BF4B-00C04F79EFBC}") = "TaskManager", "TaskManager\TaskManager.csproj", "{4082EA23-ECB1-48B9-B03F-51A006084C4B}"
EndProject
Global
	GlobalSection(SolutionConfigurationPlatforms) = preSolution
		Debug|Any CPU = Debug|Any CPU
		Release|Any CPU = Release|Any CPU
	EndGlobalSection
	GlobalSection(ProjectConfigurationPlatforms) = postSolution
		{4082EA23-ECB1-48B9-B03F-51A006084C4B}.Debug|Any CPU.ActiveCfg = Debug|Any CPU
		{4082EA23-ECB1-48B9-B03F-51A006084C4B}.Debug|Any CPU.Build.0 = Debug|Any CPU
		{4082EA23-ECB1-48B9-B03F-51A006084C4B}.Release|Any CPU.ActiveCfg = Release|Any CPU
		{4082EA23-ECB1-48B9-B03F-51A006084C4B}.Release|Any CPU.Build.0 = Release|Any CPU
	EndGlobalSection
	GlobalSection(SolutionProperties) = preSolution
		HideSolutionNode = FALSE
	EndGlobalSection
	GlobalSection(ExtensibilityGlobals) = postSolution
		SolutionGuid = {FC97F049-B56D-4DC0-836B-7088A566322A}
	EndGlobalSection
EndGlobal
